dependencies:
- name: postgresql
  repository: https://charts.bitnami.com/bitnami
  version: 16.7.27
- name: zitadel
  repository: https://charts.zitadel.com
  version: 10.0.4
digest: sha256:355797d30fc05f8c81061bcf70e9200d6ffe95f486e8ee74b614b398badda825
generated: "2026-09-02T11:58:28.261121+02:00"
